
Microsoft Visual Studio Solution File, Format Version 12.00
# Visual Studio Version 17
VisualStudioVersion = 17.7.34221.43
MinimumVisualStudioVersion = 10.0.40219.1
Project("{FAE04EC0-301F-11D3-BF4B-00C04F79EFBC}") = "TourAgency", "TourAgency\TourAgency.csproj", "{F77FCE9E-69E2-49B7-AAB2-FE23C44CDFFD}"
EndProject
Global
	GlobalSection(SolutionConfigurationPlatforms) = preSolution
		Debug|Any CPU = Debug|Any CPU
		Release|Any CPU = Release|Any CPU
	EndGlobalSection
	GlobalSection(ProjectConfigurationPlatforms) = postSolution
		{F77FCE9E-69E2-49B7-AAB2-FE23C44CDFFD}.Debug|Any CPU.ActiveCfg = Debug|Any CPU
		{F77FCE9E-69E2-49B7-AAB2-FE23C44CDFFD}.Debug|Any CPU.Build.0 = Debug|Any CPU
		{F77FCE9E-69E2-49B7-AAB2-FE23C44CDFFD}.Release|Any CPU.ActiveCfg = Release|Any CPU
		{F77FCE9E-69E2-49B7-AAB2-FE23C44CDFFD}.Release|Any CPU.Build.0 = Release|Any CPU
	EndGlobalSection
	GlobalSection(SolutionProperties) = preSolution
		HideSolutionNode = FALSE
	EndGlobalSection
	GlobalSection(ExtensibilityGlobals) = postSolution
		SolutionGuid = {C148E89D-5DBE-478E-8453-FDD81CB3D6FD}
	EndGlobalSection
EndGlobal
